
Microsoft Visual Studio Solution File, Format Version 12.00
# Visual Studio Version 17
VisualStudioVersion = 17.1.32319.34
MinimumVisualStudioVersion = 10.0.40219.1
Project("{2150E333-8FDC-42A3-9474-1A3956D46DE8}") = "task1", "task1", "{84AD0C2D-7B14-4DFB-B3E0-5B6829E5E9B4}"
EndProject
Project("{8BC9CEB8-8B4A-11D0-8D11-00A0C91BC942}") = "task1", "task1\task1.vcxproj", "{22A6866B-A564-4C45-BA19-9B11307B7565}"
EndProject
Project("{2150E333-8FDC-42A3-9474-1A3956D46DE8}") = "task2", "task2", "{725C515A-E08D-4F4B-AE04-6867CA5DE893}"
EndProject
Project("{8BC9CEB8-8B4A-11D0-8D11-00A0C91BC942}") = "task2", "task2\task2.vcxproj", "{FA7BA753-8213-41E7-A85C-75872AFF2C3A}"
EndProject
Global
	GlobalSection(SolutionConfigurationPlatforms) = preSolution
		Debug|x64 = Debug|x64
		Debug|x86 = Debug|x86
		Release|x64 = Release|x64
		Release|x86 = Release|x86
	EndGlobalSection
	GlobalSection(ProjectConfigurationPlatforms) = postSolution
		{22A6866B-A564-4C45-BA19-9B11307B7565}.Debug|x64.ActiveCfg = Debug|x64
		{22A6866B-A564-4C45-BA19-9B11307B7565}.Debug|x64.Build.0 = Debug|x64
		{22A6866B-A564-4C45-BA19-9B11307B7565}.Debug|x86.ActiveCfg = Debug|Win32
		{22A6866B-A564-4C45-BA19-9B11307B7565}.Debug|x86.Build.0 = Debug|Win32
		{22A6866B-A564-4C45-BA19-9B11307B7565}.Release|x64.ActiveCfg = Release|x64
		{22A6866B-A564-4C45-BA19-9B11307B7565}.Release|x64.Build.0 = Release|x64
		{22A6866B-A564-4C45-BA19-9B11307B7565}.Release|x86.ActiveCfg = Release|Win32
		{22A6866B-A564-4C45-BA19-9B11307B7565}.Release|x86.Build.0 = Release|Win32
		{FA7BA753-8213-41E7-A85C-75872AFF2C3A}.Debug|x64.ActiveCfg = Debug|x64
		{FA7BA753-8213-41E7-A85C-75872AFF2C3A}.Debug|x64.Build.0 = Debug|x64
		{FA7BA753-8213-41E7-A85C-75872AFF2C3A}.Debug|x86.ActiveCfg = Debug|Win32
		{FA7BA753-8213-41E7-A85C-75872AFF2C3A}.Debug|x86.Build.0 = Debug|Win32
		{FA7BA753-8213-41E7-A85C-75872AFF2C3A}.Release|x64.ActiveCfg = Release|x64
		{FA7BA753-8213-41E7-A85C-75872AFF2C3A}.Release|x64.Build.0 = Release|x64
		{FA7BA753-8213-41E7-A85C-75872AFF2C3A}.Release|x86.ActiveCfg = Release|Win32
		{FA7BA753-8213-41E7-A85C-75872AFF2C3A}.Release|x86.Build.0 = Release|Win32
	EndGlobalSection
	GlobalSection(SolutionProperties) = preSolution
		HideSolutionNode = FALSE
	EndGlobalSection
	GlobalSection(NestedProjects) = preSolution
		{22A6866B-A564-4C45-BA19-9B11307B7565} = {84AD0C2D-7B14-4DFB-B3E0-5B6829E5E9B4}
		{FA7BA753-8213-41E7-A85C-75872AFF2C3A} = {725C515A-E08D-4F4B-AE04-6867CA5DE893}
	EndGlobalSection
	GlobalSection(ExtensibilityGlobals) = postSolution
		SolutionGuid = {BD8A7110-E346-4642-B703-37C982823113}
	EndGlobalSection
EndGlobal
