
Microsoft Visual Studio Solution File, Format Version 12.00
# Visual Studio Version 17
VisualStudioVersion = 17.1.32319.34
MinimumVisualStudioVersion = 10.0.40219.1
Project("{2150E333-8FDC-42A3-9474-1A3956D46DE8}") = "task1", "task1", "{84AD0C2D-7B14-4DFB-B3E0-5B6829E5E9B4}"
EndProject
Project("{8BC9CEB8-8B4A-11D0-8D11-00A0C91BC942}") = "task1", "task1\task1.vcxproj", "{22A6866B-A564-4C45-BA19-9B11307B7565}"
EndProject
Project("{2150E333-8FDC-42A3-9474-1A3956D46DE8}") = "task2", "task2", "{725C515A-E08D-4F4B-AE04-6867CA5DE893}"
EndProject
Project("{8BC9CEB8-8B4A-11D0-8D11-00A0C91BC942}") = "task2", "task2\task2.vcxproj", "{FA7BA753-8213-41E7-A85C-75872AFF2C3A}"
EndProject
Project("{2150E333-8FDC-42A3-9474-1A3956D46DE8}") = "task3", "task3", "{793272E1-4EC1-4FFE-8390-2E659742093C}"
EndProject
Project("{8BC9CEB8-8B4A-11D0-8D11-00A0C91BC942}") = "task3", "task3\task3.vcxproj", "{A58EC6C3-B8C2-40BC-A9BD-FFB809C1CADB}"
EndProject
Project("{2150E333-8FDC-42A3-9474-1A3956D46DE8}") = "task4", "task4", "{AB0031E2-4B0B-45BD-8E63-5A69ACB6ACF8}"
EndProject
Project("{8BC9CEB8-8B4A-11D0-8D11-00A0C91BC942}") = "task4", "task4\task4.vcxproj", "{6B9F34FA-A126-4EA7-96C7-684987403B30}"
EndProject
Project("{2150E333-8FDC-42A3-9474-1A3956D46DE8}") = "task5", "task5", "{6B68E97A-694C-4360-903F-DDFAB75BE376}"
EndProject
Project("{8BC9CEB8-8B4A-11D0-8D11-00A0C91BC942}") = "task5", "task5\task5.vcxproj", "{F9B80304-02E8-4789-8A46-240ADEA44FDC}"
EndProject
Project("{2150E333-8FDC-42A3-9474-1A3956D46DE8}") = "task6", "task6", "{E05C94FC-C4C5-4C96-8F65-9A096A8C576C}"
EndProject
Project("{8BC9CEB8-8B4A-11D0-8D11-00A0C91BC942}") = "task6", "task6\task6.vcxproj", "{2CBF3ED2-37DE-4340-98CA-8E242DA7B387}"
EndProject
Project("{2150E333-8FDC-42A3-9474-1A3956D46DE8}") = "task7", "task7", "{83B06AEA-162E-4DEC-8D64-B68B39E0D71F}"
EndProject
Project("{8BC9CEB8-8B4A-11D0-8D11-00A0C91BC942}") = "Leni-izing", "Leni-izing\Leni-izing.vcxproj", "{A133525A-2F9F-4293-AA68-D9E908AF4BDA}"
EndProject
Project("{8BC9CEB8-8B4A-11D0-8D11-00A0C91BC942}") = "BBM-izing", "BBM-izing\BBM-izing.vcxproj", "{BF5229C2-ADD5-472C-8C69-233AEE233BF8}"
EndProject
Global
	GlobalSection(SolutionConfigurationPlatforms) = preSolution
		Debug|x64 = Debug|x64
		Debug|x86 = Debug|x86
		Release|x64 = Release|x64
		Release|x86 = Release|x86
	EndGlobalSection
	GlobalSection(ProjectConfigurationPlatforms) = postSolution
		{22A6866B-A564-4C45-BA19-9B11307B7565}.Debug|x64.ActiveCfg = Debug|x64
		{22A6866B-A564-4C45-BA19-9B11307B7565}.Debug|x64.Build.0 = Debug|x64
		{22A6866B-A564-4C45-BA19-9B11307B7565}.Debug|x86.ActiveCfg = Debug|Win32
		{22A6866B-A564-4C45-BA19-9B11307B7565}.Debug|x86.Build.0 = Debug|Win32
		{22A6866B-A564-4C45-BA19-9B11307B7565}.Release|x64.ActiveCfg = Release|x64
		{22A6866B-A564-4C45-BA19-9B11307B7565}.Release|x64.Build.0 = Release|x64
		{22A6866B-A564-4C45-BA19-9B11307B7565}.Release|x86.ActiveCfg = Release|Win32
		{22A6866B-A564-4C45-BA19-9B11307B7565}.Release|x86.Build.0 = Release|Win32
		{FA7BA753-8213-41E7-A85C-75872AFF2C3A}.Debug|x64.ActiveCfg = Debug|x64
		{FA7BA753-8213-41E7-A85C-75872AFF2C3A}.Debug|x64.Build.0 = Debug|x64
		{FA7BA753-8213-41E7-A85C-75872AFF2C3A}.Debug|x86.ActiveCfg = Debug|Win32
		{FA7BA753-8213-41E7-A85C-75872AFF2C3A}.Debug|x86.Build.0 = Debug|Win32
		{FA7BA753-8213-41E7-A85C-75872AFF2C3A}.Release|x64.ActiveCfg = Release|x64
		{FA7BA753-8213-41E7-A85C-75872AFF2C3A}.Release|x64.Build.0 = Release|x64
		{FA7BA753-8213-41E7-A85C-75872AFF2C3A}.Release|x86.ActiveCfg = Release|Win32
		{FA7BA753-8213-41E7-A85C-75872AFF2C3A}.Release|x86.Build.0 = Release|Win32
		{A58EC6C3-B8C2-40BC-A9BD-FFB809C1CADB}.Debug|x64.ActiveCfg = Debug|x64
		{A58EC6C3-B8C2-40BC-A9BD-FFB809C1CADB}.Debug|x64.Build.0 = Debug|x64
		{A58EC6C3-B8C2-40BC-A9BD-FFB809C1CADB}.Debug|x86.ActiveCfg = Debug|Win32
		{A58EC6C3-B8C2-40BC-A9BD-FFB809C1CADB}.Debug|x86.Build.0 = Debug|Win32
		{A58EC6C3-B8C2-40BC-A9BD-FFB809C1CADB}.Release|x64.ActiveCfg = Release|x64
		{A58EC6C3-B8C2-40BC-A9BD-FFB809C1CADB}.Release|x64.Build.0 = Release|x64
		{A58EC6C3-B8C2-40BC-A9BD-FFB809C1CADB}.Release|x86.ActiveCfg = Release|Win32
		{A58EC6C3-B8C2-40BC-A9BD-FFB809C1CADB}.Release|x86.Build.0 = Release|Win32
		{6B9F34FA-A126-4EA7-96C7-684987403B30}.Debug|x64.ActiveCfg = Debug|x64
		{6B9F34FA-A126-4EA7-96C7-684987403B30}.Debug|x64.Build.0 = Debug|x64
		{6B9F34FA-A126-4EA7-96C7-684987403B30}.Debug|x86.ActiveCfg = Debug|Win32
		{6B9F34FA-A126-4EA7-96C7-684987403B30}.Debug|x86.Build.0 = Debug|Win32
		{6B9F34FA-A126-4EA7-96C7-684987403B30}.Release|x64.ActiveCfg = Release|x64
		{6B9F34FA-A126-4EA7-96C7-684987403B30}.Release|x64.Build.0 = Release|x64
		{6B9F34FA-A126-4EA7-96C7-684987403B30}.Release|x86.ActiveCfg = Release|Win32
		{6B9F34FA-A126-4EA7-96C7-684987403B30}.Release|x86.Build.0 = Release|Win32
		{F9B80304-02E8-4789-8A46-240ADEA44FDC}.Debug|x64.ActiveCfg = Debug|x64
		{F9B80304-02E8-4789-8A46-240ADEA44FDC}.Debug|x64.Build.0 = Debug|x64
		{F9B80304-02E8-4789-8A46-240ADEA44FDC}.Debug|x86.ActiveCfg = Debug|Win32
		{F9B80304-02E8-4789-8A46-240ADEA44FDC}.Debug|x86.Build.0 = Debug|Win32
		{F9B80304-02E8-4789-8A46-240ADEA44FDC}.Release|x64.ActiveCfg = Release|x64
		{F9B80304-02E8-4789-8A46-240ADEA44FDC}.Release|x64.Build.0 = Release|x64
		{F9B80304-02E8-4789-8A46-240ADEA44FDC}.Release|x86.ActiveCfg = Release|Win32
		{F9B80304-02E8-4789-8A46-240ADEA44FDC}.Release|x86.Build.0 = Release|Win32
		{2CBF3ED2-37DE-4340-98CA-8E242DA7B387}.Debug|x64.ActiveCfg = Debug|x64
		{2CBF3ED2-37DE-4340-98CA-8E242DA7B387}.Debug|x64.Build.0 = Debug|x64
		{2CBF3ED2-37DE-4340-98CA-8E242DA7B387}.Debug|x86.ActiveCfg = Debug|Win32
		{2CBF3ED2-37DE-4340-98CA-8E242DA7B387}.Debug|x86.Build.0 = Debug|Win32
		{2CBF3ED2-37DE-4340-98CA-8E242DA7B387}.Release|x64.ActiveCfg = Release|x64
		{2CBF3ED2-37DE-4340-98CA-8E242DA7B387}.Release|x64.Build.0 = Release|x64
		{2CBF3ED2-37DE-4340-98CA-8E242DA7B387}.Release|x86.ActiveCfg = Release|Win32
		{2CBF3ED2-37DE-4340-98CA-8E242DA7B387}.Release|x86.Build.0 = Release|Win32
		{A133525A-2F9F-4293-AA68-D9E908AF4BDA}.Debug|x64.ActiveCfg = Debug|x64
		{A133525A-2F9F-4293-AA68-D9E908AF4BDA}.Debug|x64.Build.0 = Debug|x64
		{A133525A-2F9F-4293-AA68-D9E908AF4BDA}.Debug|x86.ActiveCfg = Debug|Win32
		{A133525A-2F9F-4293-AA68-D9E908AF4BDA}.Debug|x86.Build.0 = Debug|Win32
		{A133525A-2F9F-4293-AA68-D9E908AF4BDA}.Release|x64.ActiveCfg = Release|x64
		{A133525A-2F9F-4293-AA68-D9E908AF4BDA}.Release|x64.Build.0 = Release|x64
		{A133525A-2F9F-4293-AA68-D9E908AF4BDA}.Release|x86.ActiveCfg = Release|Win32
		{A133525A-2F9F-4293-AA68-D9E908AF4BDA}.Release|x86.Build.0 = Release|Win32
		{BF5229C2-ADD5-472C-8C69-233AEE233BF8}.Debug|x64.ActiveCfg = Debug|x64
		{BF5229C2-ADD5-472C-8C69-233AEE233BF8}.Debug|x64.Build.0 = Debug|x64
		{BF5229C2-ADD5-472C-8C69-233AEE233BF8}.Debug|x86.ActiveCfg = Debug|Win32
		{BF5229C2-ADD5-472C-8C69-233AEE233BF8}.Debug|x86.Build.0 = Debug|Win32
		{BF5229C2-ADD5-472C-8C69-233AEE233BF8}.Release|x64.ActiveCfg = Release|x64
		{BF5229C2-ADD5-472C-8C69-233AEE233BF8}.Release|x64.Build.0 = Release|x64
		{BF5229C2-ADD5-472C-8C69-233AEE233BF8}.Release|x86.ActiveCfg = Release|Win32
		{BF5229C2-ADD5-472C-8C69-233AEE233BF8}.Release|x86.Build.0 = Release|Win32
	EndGlobalSection
	GlobalSection(SolutionProperties) = preSolution
		HideSolutionNode = FALSE
	EndGlobalSection
	GlobalSection(NestedProjects) = preSolution
		{22A6866B-A564-4C45-BA19-9B11307B7565} = {84AD0C2D-7B14-4DFB-B3E0-5B6829E5E9B4}
		{FA7BA753-8213-41E7-A85C-75872AFF2C3A} = {725C515A-E08D-4F4B-AE04-6867CA5DE893}
		{A58EC6C3-B8C2-40BC-A9BD-FFB809C1CADB} = {793272E1-4EC1-4FFE-8390-2E659742093C}
		{6B9F34FA-A126-4EA7-96C7-684987403B30} = {AB0031E2-4B0B-45BD-8E63-5A69ACB6ACF8}
		{F9B80304-02E8-4789-8A46-240ADEA44FDC} = {6B68E97A-694C-4360-903F-DDFAB75BE376}
		{2CBF3ED2-37DE-4340-98CA-8E242DA7B387} = {E05C94FC-C4C5-4C96-8F65-9A096A8C576C}
		{A133525A-2F9F-4293-AA68-D9E908AF4BDA} = {83B06AEA-162E-4DEC-8D64-B68B39E0D71F}
		{BF5229C2-ADD5-472C-8C69-233AEE233BF8} = {83B06AEA-162E-4DEC-8D64-B68B39E0D71F}
	EndGlobalSection
	GlobalSection(ExtensibilityGlobals) = postSolution
		SolutionGuid = {BD8A7110-E346-4642-B703-37C982823113}
	EndGlobalSection
EndGlobal
